# generated by rye
# use `rye lock` or `rye sync` to update this lockfile
#
# last locked with the following flags:
#   pre: false
#   features: []
#   all-features: false
#   with-sources: false
#   generate-hashes: false
#   universal: false

-e file:.
av==15.0.0
    # via djitellopy
djitellopy==2.5.0
    # via fbl2024
numpy==2.0.0
    # via djitellopy
    # via fbl2024
    # via opencv-python
opencv-python==4.10.0.84
    # via djitellopy
    # via fbl2024
pillow==10.3.0
    # via djitellopy
    # via fbl2024
